
Microsoft Visual Studio Solution File, Format Version 12.00
# Visual Studio 15
VisualStudioVersion = 15.0.28307.1169
MinimumVisualStudioVersion = 10.0.40219.1
Project("{FC65038C-1B2F-41E1-A629-BED71D161FFF}") = "OneMoreActionQueueFramework (ISV) [OneMoreActionQueueFramework]", "OneMoreActionQueueFramework\OneMoreActionQueueFramework.rnrproj", "{D9094D11-AC3E-4E7C-880A-2E77CE4E220F}"
EndProject
Global
	GlobalSection(SolutionConfigurationPlatforms) = preSolution
		Debug|Any CPU = Debug|Any CPU
	EndGlobalSection
	GlobalSection(ProjectConfigurationPlatforms) = postSolution
		{D9094D11-AC3E-4E7C-880A-2E77CE4E220F}.Debug|Any CPU.ActiveCfg = Debug|Any CPU
		{D9094D11-AC3E-4E7C-880A-2E77CE4E220F}.Debug|Any CPU.Build.0 = Debug|Any CPU
	EndGlobalSection
	GlobalSection(SolutionProperties) = preSolution
		HideSolutionNode = FALSE
	EndGlobalSection
	GlobalSection(ExtensibilityGlobals) = postSolution
		SolutionGuid = {6BC289B3-214B-4032-A1C0-EA5185C26AD2}
	EndGlobalSection
EndGlobal
